{
  "name": "meshsync-backend",
  "version": "1.0.0",
  "lockfileVersion": 3,
  "requires": true,
  "packages": {
    "": {
      "name": "meshsync-backend",
      "version": "1.0.0",
      "license": "ISC",
      "workspaces": [
        "packages/shared",
        "packages/edge-sync",
        "packages/command-center"
      ]
    },
    "node_modules/@meshsync/command-center": {
      "resolved": "packages/command-center",
      "link": true
    },
    "node_modules/@meshsync/edge-sync": {
      "resolved": "packages/edge-sync",
      "link": true
    },
    "node_modules/@meshsync/shared": {
      "resolved": "packages/shared",
      "link": true
    },
    "packages/command-center": {
      "name": "@meshsync/command-center",
      "version": "1.0.0",
      "dependencies": {
        "@meshsync/shared": "file:../shared"
      }
    },
    "packages/edge-sync": {
      "name": "@meshsync/edge-sync",
      "version": "1.0.0",
      "dependencies": {
        "@meshsync/shared": "file:../shared"
      }
    },
    "packages/shared": {
      "name": "@meshsync/shared",
      "version": "1.0.0"
    }
  }
}
